
Microsoft Visual Studio Solution File, Format Version 12.00
# Visual Studio Version 17
VisualStudioVersion = 17.3.32929.385
MinimumVisualStudioVersion = 10.0.40219.1
Project("{FAE04EC0-301F-11D3-BF4B-00C04F79EFBC}") = "Cab_Invoice_Generator", "Cab_Invoice_Generator.csproj", "{043B5C53-1BF7-490D-B664-A9496D8BCE9A}"
EndProject
Global
	GlobalSection(SolutionConfigurationPlatforms) = preSolution
		Debug|Any CPU = Debug|Any CPU
		Release|Any CPU = Release|Any CPU
	EndGlobalSection
	GlobalSection(ProjectConfigurationPlatforms) = postSolution
		{043B5C53-1BF7-490D-B664-A9496D8BCE9A}.Debug|Any CPU.ActiveCfg = Debug|Any CPU
		{043B5C53-1BF7-490D-B664-A9496D8BCE9A}.Debug|Any CPU.Build.0 = Debug|Any CPU
		{043B5C53-1BF7-490D-B664-A9496D8BCE9A}.Release|Any CPU.ActiveCfg = Release|Any CPU
		{043B5C53-1BF7-490D-B664-A9496D8BCE9A}.Release|Any CPU.Build.0 = Release|Any CPU
	EndGlobalSection
	GlobalSection(SolutionProperties) = preSolution
		HideSolutionNode = FALSE
	EndGlobalSection
	GlobalSection(ExtensibilityGlobals) = postSolution
		SolutionGuid = {D4B74684-25F6-418F-9AAF-95CE225705FE}
	EndGlobalSection
EndGlobal
